{
  "name": "intercompiler_ui",
  "version": "0.0.1",
  "lockfileVersion": 2,
  "requires": true,
  "packages": {
    "": {
      "name": "intercompiler_ui",
      "version": "0.0.1",
      "license": "ISC",
      "dependencies": {
        "monaco-editor": "^0.32.1"
      }
    },
    "node_modules/monaco-editor": {
      "version": "0.32.1",
      "resolved": "https://registry.npmjs.org/monaco-editor/-/monaco-editor-0.32.1.tgz",
      "integrity": "sha512-LUt2wsUvQmEi2tfTOK+tjAPvt7eQ+K5C4rZPr6SeuyzjAuAHrIvlUloTcOiGjZW3fn3a/jFQCONrEJbNOaCqbA=="
    }
  },
  "dependencies": {
    "monaco-editor": {
      "version": "0.32.1",
      "resolved": "https://registry.npmjs.org/monaco-editor/-/monaco-editor-0.32.1.tgz",
      "integrity": "sha512-LUt2wsUvQmEi2tfTOK+tjAPvt7eQ+K5C4rZPr6SeuyzjAuAHrIvlUloTcOiGjZW3fn3a/jFQCONrEJbNOaCqbA=="
    }
  }
}
